{
  "object": {
    "pins": [
      {
        "package": "SnackView",
        "repositoryURL": "https://github.com/rishadappat/SnackView",
        "state": {
          "branch": "master",
          "revision": "ff9e6bec991c76b378a06d0334c5fd99c2388a88",
          "version": null
        }
      }
    ]
  },
  "version": 1
}
