{
  "object": {
    "pins": [
      {
        "package": "SnackView",
        "repositoryURL": "https://github.com/rishadappat/SnackView",
        "state": {
          "branch": "master",
          "revision": "9b061c8d4644f010b7193ae145ebfd04b9cacb40",
          "version": null
        }
      }
    ]
  },
  "version": 1
}
